
Microsoft Visual Studio Solution File, Format Version 12.00
# Visual Studio 2012
Project("{FAE04EC0-301F-11D3-BF4B-00C04F79EFBC}") = "Workshop01", "Workshop01\Workshop01.csproj", "{A21BEC07-A8F7-45A4-A1C0-ADCF429C5DAE}"
EndProject
Global
	GlobalSection(SolutionConfigurationPlatforms) = preSolution
		Debug|Any CPU = Debug|Any CPU
		Release|Any CPU = Release|Any CPU
	EndGlobalSection
	GlobalSection(ProjectConfigurationPlatforms) = postSolution
		{A21BEC07-A8F7-45A4-A1C0-ADCF429C5DAE}.Debug|Any CPU.ActiveCfg = Debug|Any CPU
		{A21BEC07-A8F7-45A4-A1C0-ADCF429C5DAE}.Debug|Any CPU.Build.0 = Debug|Any CPU
		{A21BEC07-A8F7-45A4-A1C0-ADCF429C5DAE}.Release|Any CPU.ActiveCfg = Release|Any CPU
		{A21BEC07-A8F7-45A4-A1C0-ADCF429C5DAE}.Release|Any CPU.Build.0 = Release|Any CPU
	EndGlobalSection
EndGlobal
