
Microsoft Visual Studio Solution File, Format Version 12.00
# Visual Studio 2012
Project("{FAE04EC0-301F-11D3-BF4B-00C04F79EFBC}") = "Workshop02", "Workshop02\Workshop02.csproj", "{59468602-C91A-450A-9956-F10D1205646A}"
EndProject
Global
	GlobalSection(SolutionConfigurationPlatforms) = preSolution
		Debug|Any CPU = Debug|Any CPU
		Release|Any CPU = Release|Any CPU
	EndGlobalSection
	GlobalSection(ProjectConfigurationPlatforms) = postSolution
		{59468602-C91A-450A-9956-F10D1205646A}.Debug|Any CPU.ActiveCfg = Debug|Any CPU
		{59468602-C91A-450A-9956-F10D1205646A}.Debug|Any CPU.Build.0 = Debug|Any CPU
		{59468602-C91A-450A-9956-F10D1205646A}.Release|Any CPU.ActiveCfg = Release|Any CPU
		{59468602-C91A-450A-9956-F10D1205646A}.Release|Any CPU.Build.0 = Release|Any CPU
	EndGlobalSection
EndGlobal
